# Generated by pub
# See http://pub.dartlang.org/doc/glossary.html#lockfile
packages:
  browser:
    description: browser
    source: hosted
    version: "0.10.0+2"
  stagexl:
    description: stagexl
    source: hosted
    version: "0.9.3+2"
  stagexl_particle:
    description: stagexl_particle
    source: hosted
    version: "0.3.2"
